// !$*UTF8*$!
{
	archiveVersion = 1;
	classes = {
	};
	objectVersion = 50;
	objects = {

/* Begin PBXBuildFile section */
		950C570921D90E8C00BFB1B1 /* Bench.cpp in Sources */ = {isa = PBXBuildFile; fileRef = 950C570821D90E8C00BFB1B1 /* Bench.cpp */; };
		950C570C21D9135A00BFB1B1 /* ChessBoard.cpp in Sources */ = {isa = PBXBuildFile; fileRef = 950C570A21D9135A00BFB1B1 /* ChessBoard.cpp */; };
		950C570F21D9138B00BFB1B1 /* Position.cpp in Sources */ = {isa = PBXBuildFile; fileRef = 950C570D21D9138B00BFB1B1 /* Position.cpp */; };
		957E418B21DC0BE3001C6BED /* Node.cpp in Sources */ = {isa = PBXBuildFile; fileRef = 957E418A21DC0BE3001C6BED /* Node.cpp */; };
/* End PBXBuildFile section */

/* Begin PBXCopyFilesBuildPhase section */
		950C56F921D90D1200BFB1B1 /* CopyFiles */ = {
			isa = PBXCopyFilesBuildPhase;
			buildActionMask = 2147483647;
			dstPath = /usr/share/man/man1/;
			dstSubfolderSpec = 0;
			files = (
			);
			runOnlyForDeploymentPostprocessing = 1;
		};
/* End PBXCopyFilesBuildPhase section */

/* Begin PBXFileReference section */
		950C56FB21D90D1200BFB1B1 /* BackGammon */ = {isa = PBXFileReference; explicitFileType = "compiled.mach-o.executable"; includeInIndex = 0; path = BackGammon; sourceTree = BUILT_PRODUCTS_DIR; };
		950C570821D90E8C00BFB1B1 /* Bench.cpp */ = {isa = PBXFileReference; lastKnownFileType = sourcecode.cpp.cpp; path = Bench.cpp; sourceTree = "<group>"; };
		950C570A21D9135A00BFB1B1 /* ChessBoard.cpp */ = {isa = PBXFileReference; lastKnownFileType = sourcecode.cpp.cpp; path = ChessBoard.cpp; sourceTree = "<group>"; };
		950C570B21D9135A00BFB1B1 /* ChessBoard.hpp */ = {isa = PBXFileReference; lastKnownFileType = sourcecode.cpp.h; path = ChessBoard.hpp; sourceTree = "<group>"; };
		950C570D21D9138B00BFB1B1 /* Position.cpp */ = {isa = PBXFileReference; lastKnownFileType = sourcecode.cpp.cpp; path = Position.cpp; sourceTree = "<group>"; };
		950C570E21D9138B00BFB1B1 /* Position.hpp */ = {isa = PBXFileReference; lastKnownFileType = sourcecode.cpp.h; path = Position.hpp; sourceTree = "<group>"; };
		957E418821D9141D001C6BED /* ConstantFile.h */ = {isa = PBXFileReference; lastKnownFileType = sourcecode.c.h; path = ConstantFile.h; sourceTree = "<group>"; };
		957E418921DC0BD0001C6BED /* Node.hpp */ = {isa = PBXFileReference; lastKnownFileType = sourcecode.cpp.h; path = Node.hpp; sourceTree = "<group>"; };
		957E418A21DC0BE3001C6BED /* Node.cpp */ = {isa = PBXFileReference; lastKnownFileType = sourcecode.cpp.cpp; path = Node.cpp; sourceTree = "<group>"; };
/* End PBXFileReference section */

/* Begin PBXFrameworksBuildPhase section */
		950C56F821D90D1200BFB1B1 /* Frameworks */ = {
			isa = PBXFrameworksBuildPhase;
			buildActionMask = 2147483647;
			files = (
			);
			runOnlyForDeploymentPostprocessing = 0;
		};
/* End PBXFrameworksBuildPhase section */

/* Begin PBXGroup section */
		950C56F221D90D1200BFB1B1 = {
			isa = PBXGroup;
			children = (
				950C56FD21D90D1200BFB1B1 /* BackGammon */,
				950C56FC21D90D1200BFB1B1 /* Products */,
			);
			sourceTree = "<group>";
		};
		950C56FC21D90D1200BFB1B1 /* Products */ = {
			isa = PBXGroup;
			children = (
				950C56FB21D90D1200BFB1B1 /* BackGammon */,
			);
			name = Products;
			sourceTree = "<group>";
		};
		950C56FD21D90D1200BFB1B1 /* BackGammon */ = {
			isa = PBXGroup;
			children = (
				950C570821D90E8C00BFB1B1 /* Bench.cpp */,
				950C570721D90E5700BFB1B1 /* tool */,
				950C570621D90E5000BFB1B1 /* header */,
				950C570521D90E4200BFB1B1 /* source */,
			);
			path = BackGammon;
			sourceTree = "<group>";
		};
		950C570521D90E4200BFB1B1 /* source */ = {
			isa = PBXGroup;
			children = (
				950C570A21D9135A00BFB1B1 /* ChessBoard.cpp */,
				950C570D21D9138B00BFB1B1 /* Position.cpp */,
				957E418A21DC0BE3001C6BED /* Node.cpp */,
			);
			path = source;
			sourceTree = "<group>";
		};
		950C570621D90E5000BFB1B1 /* header */ = {
			isa = PBXGroup;
			children = (
				950C570B21D9135A00BFB1B1 /* ChessBoard.hpp */,
				950C570E21D9138B00BFB1B1 /* Position.hpp */,
				957E418921DC0BD0001C6BED /* Node.hpp */,
			);
			path = header;
			sourceTree = "<group>";
		};
		950C570721D90E5700BFB1B1 /* tool */ = {
			isa = PBXGroup;
			children = (
				957E418821D9141D001C6BED /* ConstantFile.h */,
			);
			path = tool;
			sourceTree = "<group>";
		};
/* End PBXGroup section */

/* Begin PBXNativeTarget section */
		950C56FA21D90D1200BFB1B1 /* BackGammon */ = {
			isa = PBXNativeTarget;
			buildConfigurationList = 950C570221D90D1200BFB1B1 /* Build configuration list for PBXNativeTarget "BackGammon" */;
			buildPhases = (
				950C56F721D90D1200BFB1B1 /* Sources */,
				950C56F821D90D1200BFB1B1 /* Frameworks */,
				950C56F921D90D1200BFB1B1 /* CopyFiles */,
			);
			buildRules = (
			);
			dependencies = (
			);
			name = BackGammon;
			productName = BackGammon;
			productReference = 950C56FB21D90D1200BFB1B1 /* BackGammon */;
			productType = "com.apple.product-type.tool";
		};
/* End PBXNativeTarget section */

/* Begin PBXProject section */
		950C56F321D90D1200BFB1B1 /* Project object */ = {
			isa = PBXProject;
			attributes = {
				LastUpgradeCheck = 1010;
				ORGANIZATIONNAME = QM;
				TargetAttributes = {
					950C56FA21D90D1200BFB1B1 = {
						CreatedOnToolsVersion = 10.1;
					};
				};
			};
			buildConfigurationList = 950C56F621D90D1200BFB1B1 /* Build configuration list for PBXProject "BackGammon" */;
			compatibilityVersion = "Xcode 9.3";
			developmentRegion = en;
			hasScannedForEncodings = 0;
			knownRegions = (
				en,
			);
			mainGroup = 950C56F221D90D1200BFB1B1;
			productRefGroup = 950C56FC21D90D1200BFB1B1 /* Products */;
			projectDirPath = "";
			projectRoot = "";
			targets = (
				950C56FA21D90D1200BFB1B1 /* BackGammon */,
			);
		};
/* End PBXProject section */

/* Begin PBXSourcesBuildPhase section */
		950C56F721D90D1200BFB1B1 /* Sources */ = {
			isa = PBXSourcesBuildPhase;
			buildActionMask = 2147483647;
			files = (
				950C570921D90E8C00BFB1B1 /* Bench.cpp in Sources */,
				950C570C21D9135A00BFB1B1 /* ChessBoard.cpp in Sources */,
				950C570F21D9138B00BFB1B1 /* Position.cpp in Sources */,
				957E418B21DC0BE3001C6BED /* Node.cpp in Sources */,
			);
			runOnlyForDeploymentPostprocessing = 0;
		};
/* End PBXSourcesBuildPhase section */

/* Begin XCBuildConfiguration section */
		950C570021D90D1200BFB1B1 /* Debug */ = {
			isa = XCBuildConfiguration;
			buildSettings = {
				ALWAYS_SEARCH_USER_PATHS = NO;
				CLANG_ANALYZER_NONNULL = YES;
				CLANG_ANALYZER_NUMBER_OBJECT_CONVERSION = YES_AGGRESSIVE;
				CLANG_CXX_LANGUAGE_STANDARD = "gnu++14";
				CLANG_CXX_LIBRARY = "libc++";
				CLANG_ENABLE_MODULES = YES;
				CLANG_ENABLE_OBJC_ARC = YES;
				CLANG_ENABLE_OBJC_WEAK = YES;
				CLANG_WARN_BLOCK_CAPTURE_AUTORELEASING = YES;
				CLANG_WARN_BOOL_CONVERSION = YES;
				CLANG_WARN_COMMA = YES;
				CLANG_WARN_CONSTANT_CONVERSION = YES;
				CLANG_WARN_DEPRECATED_OBJC_IMPLEMENTATIONS = YES;
				CLANG_WARN_DIRECT_OBJC_ISA_USAGE = YES_ERROR;
				CLANG_WARN_DOCUMENTATION_COMMENTS = YES;
				CLANG_WARN_EMPTY_BODY = YES;
				CLANG_WARN_ENUM_CONVERSION = YES;
				CLANG_WARN_INFINITE_RECURSION = YES;
				CLANG_WARN_INT_CONVERSION = YES;
				CLANG_WARN_NON_LITERAL_NULL_CONVERSION = YES;
				CLANG_WARN_OBJC_IMPLICIT_RETAIN_SELF = YES;
				CLANG_WARN_OBJC_LITERAL_CONVERSION = YES;
				CLANG_WARN_OBJC_ROOT_CLASS = YES_ERROR;
				CLANG_WARN_RANGE_LOOP_ANALYSIS = YES;
				CLANG_WARN_STRICT_PROTOTYPES = YES;
				CLANG_WARN_SUSPICIOUS_MOVE = YES;
				CLANG_WARN_UNGUARDED_AVAILABILITY = YES_AGGRESSIVE;
				CLANG_WARN_UNREACHABLE_CODE = YES;
				CLANG_WARN__DUPLICATE_METHOD_MATCH = YES;
				CODE_SIGN_IDENTITY = "-";
				COPY_PHASE_STRIP = NO;
				DEBUG_INFORMATION_FORMAT = dwarf;
				ENABLE_STRICT_OBJC_MSGSEND = YES;
				ENABLE_TESTABILITY = YES;
				GCC_C_LANGUAGE_STANDARD = gnu11;
				GCC_DYNAMIC_NO_PIC = NO;
				GCC_NO_COMMON_BLOCKS = YES;
				GCC_OPTIMIZATION_LEVEL = 0;
				GCC_PREPROCESSOR_DEFINITIONS = (
					"DEBUG=1",
					"$(inherited)",
				);
				GCC_WARN_64_TO_32_BIT_CONVERSION = YES;
				GCC_WARN_ABOUT_RETURN_TYPE = YES_ERROR;
				GCC_WARN_UNDECLARED_SELECTOR = YES;
				GCC_WARN_UNINITIALIZED_AUTOS = YES_AGGRESSIVE;
				GCC_WARN_UNUSED_FUNCTION = YES;
				GCC_WARN_UNUSED_VARIABLE = YES;
				MACOSX_DEPLOYMENT_TARGET = 10.13;
				MTL_ENABLE_DEBUG_INFO = INCLUDE_SOURCE;
				MTL_FAST_MATH = YES;
				ONLY_ACTIVE_ARCH = YES;
				SDKROOT = macosx;
			};
			name = Debug;
		};
		950C570121D90D1200BFB1B1 /* Release */ = {
			isa = XCBuildConfiguration;
			buildSettings = {
				ALWAYS_SEARCH_USER_PATHS = NO;
				CLANG_ANALYZER_NONNULL = YES;
				CLANG_ANALYZER_NUMBER_OBJECT_CONVERSION = YES_AGGRESSIVE;
				CLANG_CXX_LANGUAGE_STANDARD = "gnu++14";
				CLANG_CXX_LIBRARY = "libc++";
				CLANG_ENABLE_MODULES = YES;
				CLANG_ENABLE_OBJC_ARC = YES;
				CLANG_ENABLE_OBJC_WEAK = YES;
				CLANG_WARN_BLOCK_CAPTURE_AUTORELEASING = YES;
				CLANG_WARN_BOOL_CONVERSION = YES;
				CLANG_WARN_COMMA = YES;
				CLANG_WARN_CONSTANT_CONVERSION = YES;
				CLANG_WARN_DEPRECATED_OBJC_IMPLEMENTATIONS = YES;
				CLANG_WARN_DIRECT_OBJC_ISA_USAGE = YES_ERROR;
				CLANG_WARN_DOCUMENTATION_COMMENTS = YES;
				CLANG_WARN_EMPTY_BODY = YES;
				CLANG_WARN_ENUM_CONVERSION = YES;
				CLANG_WARN_INFINITE_RECURSION = YES;
				CLANG_WARN_INT_CONVERSION = YES;
				CLANG_WARN_NON_LITERAL_NULL_CONVERSION = YES;
				CLANG_WARN_OBJC_IMPLICIT_RETAIN_SELF = YES;
				CLANG_WARN_OBJC_LITERAL_CONVERSION = YES;
				CLANG_WARN_OBJC_ROOT_CLASS = YES_ERROR;
				CLANG_WARN_RANGE_LOOP_ANALYSIS = YES;
				CLANG_WARN_STRICT_PROTOTYPES = YES;
				CLANG_WARN_SUSPICIOUS_MOVE = YES;
				CLANG_WARN_UNGUARDED_AVAILABILITY = YES_AGGRESSIVE;
				CLANG_WARN_UNREACHABLE_CODE = YES;
				CLANG_WARN__DUPLICATE_METHOD_MATCH = YES;
				CODE_SIGN_IDENTITY = "-";
				COPY_PHASE_STRIP = NO;
				DEBUG_INFORMATION_FORMAT = "dwarf-with-dsym";
				ENABLE_NS_ASSERTIONS = NO;
				ENABLE_STRICT_OBJC_MSGSEND = YES;
				GCC_C_LANGUAGE_STANDARD = gnu11;
				GCC_NO_COMMON_BLOCKS = YES;
				GCC_WARN_64_TO_32_BIT_CONVERSION = YES;
				GCC_WARN_ABOUT_RETURN_TYPE = YES_ERROR;
				GCC_WARN_UNDECLARED_SELECTOR = YES;
				GCC_WARN_UNINITIALIZED_AUTOS = YES_AGGRESSIVE;
				GCC_WARN_UNUSED_FUNCTION = YES;
				GCC_WARN_UNUSED_VARIABLE = YES;
				MACOSX_DEPLOYMENT_TARGET = 10.13;
				MTL_ENABLE_DEBUG_INFO = NO;
				MTL_FAST_MATH = YES;
				SDKROOT = macosx;
			};
			name = Release;
		};
		950C570321D90D1200BFB1B1 /* Debug */ = {
			isa = XCBuildConfiguration;
			buildSettings = {
				CODE_SIGN_STYLE = Automatic;
				PRODUCT_NAME = "$(TARGET_NAME)";
			};
			name = Debug;
		};
		950C570421D90D1200BFB1B1 /* Release */ = {
			isa = XCBuildConfiguration;
			buildSettings = {
				CODE_SIGN_STYLE = Automatic;
				PRODUCT_NAME = "$(TARGET_NAME)";
			};
			name = Release;
		};
/* End XCBuildConfiguration section */

/* Begin XCConfigurationList section */
		950C56F621D90D1200BFB1B1 /* Build configuration list for PBXProject "BackGammon" */ = {
			isa = XCConfigurationList;
			buildConfigurations = (
				950C570021D90D1200BFB1B1 /* Debug */,
				950C570121D90D1200BFB1B1 /* Release */,
			);
			defaultConfigurationIsVisible = 0;
			defaultConfigurationName = Release;
		};
		950C570221D90D1200BFB1B1 /* Build configuration list for PBXNativeTarget "BackGammon" */ = {
			isa = XCConfigurationList;
			buildConfigurations = (
				950C570321D90D1200BFB1B1 /* Debug */,
				950C570421D90D1200BFB1B1 /* Release */,
			);
			defaultConfigurationIsVisible = 0;
			defaultConfigurationName = Release;
		};
/* End XCConfigurationList section */
	};
	rootObject = 950C56F321D90D1200BFB1B1 /* Project object */;
}
